// !$*UTF8*$!
{
	archiveVersion = 1;
	classes = {
	};
	objectVersion = 47;
	objects = {

/* Begin PBXBuildFile section */
		127608B81F51820600586AE9 /* GyroControlsViewController.swift in Sources */ = {isa = PBXBuildFile; fileRef = 127608B71F51820600586AE9 /* GyroControlsViewController.swift */; };
		127608BA1F51820E00586AE9 /* BLEService.swift in Sources */ = {isa = PBXBuildFile; fileRef = 127608B91F51820E00586AE9 /* BLEService.swift */; };
		3F600FC91AEED12C0020DFD5 /* arrow_down.png in Resources */ = {isa = PBXBuildFile; fileRef = 3F600FC51AEED12C0020DFD5 /* arrow_down.png */; };
		3F600FCA1AEED12C0020DFD5 /* arrow_left.png in Resources */ = {isa = PBXBuildFile; fileRef = 3F600FC61AEED12C0020DFD5 /* arrow_left.png */; };
		3F600FCB1AEED12C0020DFD5 /* arrow_up.png in Resources */ = {isa = PBXBuildFile; fileRef = 3F600FC71AEED12C0020DFD5 /* arrow_up.png */; };
		3F600FCC1AEED12C0020DFD5 /* arrow_right.png in Resources */ = {isa = PBXBuildFile; fileRef = 3F600FC81AEED12C0020DFD5 /* arrow_right.png */; };
		3F9F28B61AE8A07F00FEB40D /* AppDelegate.swift in Sources */ = {isa = PBXBuildFile; fileRef = 3F9F28B51AE8A07F00FEB40D /* AppDelegate.swift */; };
		3F9F28B81AE8A07F00FEB40D /* ConnectionsViewController.swift in Sources */ = {isa = PBXBuildFile; fileRef = 3F9F28B71AE8A07F00FEB40D /* ConnectionsViewController.swift */; };
		3F9F28BA1AE8A07F00FEB40D /* ArrowControlsViewController.swift in Sources */ = {isa = PBXBuildFile; fileRef = 3F9F28B91AE8A07F00FEB40D /* ArrowControlsViewController.swift */; };
		3F9F28BD1AE8A07F00FEB40D /* Main.storyboard in Resources */ = {isa = PBXBuildFile; fileRef = 3F9F28BB1AE8A07F00FEB40D /* Main.storyboard */; };
		3F9F28BF1AE8A07F00FEB40D /* Images.xcassets in Resources */ = {isa = PBXBuildFile; fileRef = 3F9F28BE1AE8A07F00FEB40D /* Images.xcassets */; };
		3F9F28C21AE8A07F00FEB40D /* LaunchScreen.xib in Resources */ = {isa = PBXBuildFile; fileRef = 3F9F28C01AE8A07F00FEB40D /* LaunchScreen.xib */; };
		3FC9C9D61AF2DE5E00432704 /* arrow_down_red.jpg in Resources */ = {isa = PBXBuildFile; fileRef = 3FC9C9D21AF2DE5E00432704 /* arrow_down_red.jpg */; };
		3FC9C9D71AF2DE5E00432704 /* arrow_left_red.jpg in Resources */ = {isa = PBXBuildFile; fileRef = 3FC9C9D31AF2DE5E00432704 /* arrow_left_red.jpg */; };
		3FC9C9D81AF2DE5E00432704 /* arrow_right_red.jpg in Resources */ = {isa = PBXBuildFile; fileRef = 3FC9C9D41AF2DE5E00432704 /* arrow_right_red.jpg */; };
		3FC9C9D91AF2DE5E00432704 /* arrow_up_red.jpg in Resources */ = {isa = PBXBuildFile; fileRef = 3FC9C9D51AF2DE5E00432704 /* arrow_up_red.jpg */; };
		3FCB65A51AEF04700027CF3C /* AnalogStick.swift in Sources */ = {isa = PBXBuildFile; fileRef = 3FCB65A41AEF04700027CF3C /* AnalogStick.swift */; };
		3FED68921AE8A3DC00937D21 /* BLEManager.swift in Sources */ = {isa = PBXBuildFile; fileRef = 3FED68911AE8A3DC00937D21 /* BLEManager.swift */; };
		454312851B10143900436D39 /* circle.png in Resources */ = {isa = PBXBuildFile; fileRef = 454312841B10143900436D39 /* circle.png */; };
/* End PBXBuildFile section */

/* Begin PBXFileReference section */
		127608B71F51820600586AE9 /* GyroControlsViewController.swift */ = {isa = PBXFileReference; fileEncoding = 4; lastKnownFileType = sourcecode.swift; path = GyroControlsViewController.swift; sourceTree = "<group>"; };
		127608B91F51820E00586AE9 /* BLEService.swift */ = {isa = PBXFileReference; fileEncoding = 4; lastKnownFileType = sourcecode.swift; path = BLEService.swift; sourceTree = "<group>"; };
		3F600FC51AEED12C0020DFD5 /* arrow_down.png */ = {isa = PBXFileReference; lastKnownFileType = image.png; name = arrow_down.png; path = ../Assets/arrow_down.png; sourceTree = "<group>"; };
		3F600FC61AEED12C0020DFD5 /* arrow_left.png */ = {isa = PBXFileReference; lastKnownFileType = image.png; name = arrow_left.png; path = ../Assets/arrow_left.png; sourceTree = "<group>"; };
		3F600FC71AEED12C0020DFD5 /* arrow_up.png */ = {isa = PBXFileReference; lastKnownFileType = image.png; name = arrow_up.png; path = ../Assets/arrow_up.png; sourceTree = "<group>"; };
		3F600FC81AEED12C0020DFD5 /* arrow_right.png */ = {isa = PBXFileReference; lastKnownFileType = image.png; name = arrow_right.png; path = ../Assets/arrow_right.png; sourceTree = "<group>"; };
		3F9F28B01AE8A07F00FEB40D /* BluePad.app */ = {isa = PBXFileReference; explicitFileType = wrapper.application; includeInIndex = 0; path = BluePad.app; sourceTree = BUILT_PRODUCTS_DIR; };
		3F9F28B41AE8A07F00FEB40D /* Info.plist */ = {isa = PBXFileReference; lastKnownFileType = text.plist.xml; path = Info.plist; sourceTree = "<group>"; };
		3F9F28B51AE8A07F00FEB40D /* AppDelegate.swift */ = {isa = PBXFileReference; lastKnownFileType = sourcecode.swift; path = AppDelegate.swift; sourceTree = "<group>"; };
		3F9F28B71AE8A07F00FEB40D /* ConnectionsViewController.swift */ = {isa = PBXFileReference; lastKnownFileType = sourcecode.swift; path = ConnectionsViewController.swift; sourceTree = "<group>"; };
		3F9F28B91AE8A07F00FEB40D /* ArrowControlsViewController.swift */ = {isa = PBXFileReference; lastKnownFileType = sourcecode.swift; path = ArrowControlsViewController.swift; sourceTree = "<group>"; };
		3F9F28BC1AE8A07F00FEB40D /* Base */ = {isa = PBXFileReference; lastKnownFileType = file.storyboard; name = Base; path = Base.lproj/Main.storyboard; sourceTree = "<group>"; };
		3F9F28BE1AE8A07F00FEB40D /* Images.xcassets */ = {isa = PBXFileReference; lastKnownFileType = folder.assetcatalog; path = Images.xcassets; sourceTree = "<group>"; };
		3F9F28C11AE8A07F00FEB40D /* Base */ = {isa = PBXFileReference; lastKnownFileType = file.xib; name = Base; path = Base.lproj/LaunchScreen.xib; sourceTree = "<group>"; };
		3FC9C9D21AF2DE5E00432704 /* arrow_down_red.jpg */ = {isa = PBXFileReference; lastKnownFileType = image.jpeg; name = arrow_down_red.jpg; path = Assets/arrow_down_red.jpg; sourceTree = SOURCE_ROOT; };
		3FC9C9D31AF2DE5E00432704 /* arrow_left_red.jpg */ = {isa = PBXFileReference; lastKnownFileType = image.jpeg; name = arrow_left_red.jpg; path = Assets/arrow_left_red.jpg; sourceTree = SOURCE_ROOT; };
		3FC9C9D41AF2DE5E00432704 /* arrow_right_red.jpg */ = {isa = PBXFileReference; lastKnownFileType = image.jpeg; name = arrow_right_red.jpg; path = Assets/arrow_right_red.jpg; sourceTree = SOURCE_ROOT; };
		3FC9C9D51AF2DE5E00432704 /* arrow_up_red.jpg */ = {isa = PBXFileReference; lastKnownFileType = image.jpeg; name = arrow_up_red.jpg; path = Assets/arrow_up_red.jpg; sourceTree = SOURCE_ROOT; };
		3FCB65A41AEF04700027CF3C /* AnalogStick.swift */ = {isa = PBXFileReference; fileEncoding = 4; lastKnownFileType = sourcecode.swift; path = AnalogStick.swift; sourceTree = "<group>"; };
		3FED68911AE8A3DC00937D21 /* BLEManager.swift */ = {isa = PBXFileReference; fileEncoding = 4; lastKnownFileType = sourcecode.swift; path = BLEManager.swift; sourceTree = "<group>"; };
		454312841B10143900436D39 /* circle.png */ = {isa = PBXFileReference; lastKnownFileType = image.png; path = circle.png; sourceTree = "<group>"; };
/* End PBXFileReference section */

/* Begin PBXFrameworksBuildPhase section */
		3F9F28AD1AE8A07F00FEB40D /* Frameworks */ = {
			isa = PBXFrameworksBuildPhase;
			buildActionMask = 2147483647;
			files = (
			);
			runOnlyForDeploymentPostprocessing = 0;
		};
/* End PBXFrameworksBuildPhase section */

/* Begin PBXGroup section */
		3F9F28A71AE8A07F00FEB40D = {
			isa = PBXGroup;
			children = (
				3F9F28B21AE8A07F00FEB40D /* BluePad */,
				3F9F28B11AE8A07F00FEB40D /* Products */,
			);
			sourceTree = "<group>";
		};
		3F9F28B11AE8A07F00FEB40D /* Products */ = {
			isa = PBXGroup;
			children = (
				3F9F28B01AE8A07F00FEB40D /* BluePad.app */,
			);
			name = Products;
			sourceTree = "<group>";
		};
		3F9F28B21AE8A07F00FEB40D /* BluePad */ = {
			isa = PBXGroup;
			children = (
				3FC9C9D21AF2DE5E00432704 /* arrow_down_red.jpg */,
				3FC9C9D31AF2DE5E00432704 /* arrow_left_red.jpg */,
				3FC9C9D41AF2DE5E00432704 /* arrow_right_red.jpg */,
				3FC9C9D51AF2DE5E00432704 /* arrow_up_red.jpg */,
				3F9F28B51AE8A07F00FEB40D /* AppDelegate.swift */,
				3FCB65A41AEF04700027CF3C /* AnalogStick.swift */,
				3F9F28B71AE8A07F00FEB40D /* ConnectionsViewController.swift */,
				127608B91F51820E00586AE9 /* BLEService.swift */,
				3FED68911AE8A3DC00937D21 /* BLEManager.swift */,
				127608B71F51820600586AE9 /* GyroControlsViewController.swift */,
				3F9F28B91AE8A07F00FEB40D /* ArrowControlsViewController.swift */,
				3F9F28BB1AE8A07F00FEB40D /* Main.storyboard */,
				454312841B10143900436D39 /* circle.png */,
				3F600FC51AEED12C0020DFD5 /* arrow_down.png */,
				3F600FC61AEED12C0020DFD5 /* arrow_left.png */,
				3F600FC71AEED12C0020DFD5 /* arrow_up.png */,
				3F600FC81AEED12C0020DFD5 /* arrow_right.png */,
				3F9F28BE1AE8A07F00FEB40D /* Images.xcassets */,
				3F9F28C01AE8A07F00FEB40D /* LaunchScreen.xib */,
				3F9F28B31AE8A07F00FEB40D /* Supporting Files */,
			);
			path = BluePad;
			sourceTree = "<group>";
		};
		3F9F28B31AE8A07F00FEB40D /* Supporting Files */ = {
			isa = PBXGroup;
			children = (
				3F9F28B41AE8A07F00FEB40D /* Info.plist */,
			);
			name = "Supporting Files";
			sourceTree = "<group>";
		};
/* End PBXGroup section */

/* Begin PBXNativeTarget section */
		3F9F28AF1AE8A07F00FEB40D /* BluePad */ = {
			isa = PBXNativeTarget;
			buildConfigurationList = 3F9F28D11AE8A07F00FEB40D /* Build configuration list for PBXNativeTarget "BluePad" */;
			buildPhases = (
				3F9F28AC1AE8A07F00FEB40D /* Sources */,
				3F9F28AD1AE8A07F00FEB40D /* Frameworks */,
				3F9F28AE1AE8A07F00FEB40D /* Resources */,
			);
			buildRules = (
			);
			dependencies = (
			);
			name = BluePad;
			productName = BluePad;
			productReference = 3F9F28B01AE8A07F00FEB40D /* BluePad.app */;
			productType = "com.apple.product-type.application";
		};
/* End PBXNativeTarget section */

/* Begin PBXProject section */
		3F9F28A81AE8A07F00FEB40D /* Project object */ = {
			isa = PBXProject;
			attributes = {
				LastSwiftMigration = 0730;
				LastUpgradeCheck = 0830;
				ORGANIZATIONNAME = Iolani;
				TargetAttributes = {
					3F9F28AF1AE8A07F00FEB40D = {
						CreatedOnToolsVersion = 6.3;
						DevelopmentTeam = JP7JGNH77T;
						LastSwiftMigration = 0830;
					};
				};
			};
			buildConfigurationList = 3F9F28AB1AE8A07F00FEB40D /* Build configuration list for PBXProject "BluePad" */;
			compatibilityVersion = "Xcode 6.3";
			developmentRegion = English;
			hasScannedForEncodings = 0;
			knownRegions = (
				en,
				Base,
			);
			mainGroup = 3F9F28A71AE8A07F00FEB40D;
			productRefGroup = 3F9F28B11AE8A07F00FEB40D /* Products */;
			projectDirPath = "";
			projectRoot = "";
			targets = (
				3F9F28AF1AE8A07F00FEB40D /* BluePad */,
			);
		};
/* End PBXProject section */

/* Begin PBXResourcesBuildPhase section */
		3F9F28AE1AE8A07F00FEB40D /* Resources */ = {
			isa = PBXResourcesBuildPhase;
			buildActionMask = 2147483647;
			files = (
				3F600FCA1AEED12C0020DFD5 /* arrow_left.png in Resources */,
				3F9F28BD1AE8A07F00FEB40D /* Main.storyboard in Resources */,
				3F600FCB1AEED12C0020DFD5 /* arrow_up.png in Resources */,
				454312851B10143900436D39 /* circle.png in Resources */,
				3F600FCC1AEED12C0020DFD5 /* arrow_right.png in Resources */,
				3F9F28C21AE8A07F00FEB40D /* LaunchScreen.xib in Resources */,
				3FC9C9D71AF2DE5E00432704 /* arrow_left_red.jpg in Resources */,
				3FC9C9D91AF2DE5E00432704 /* arrow_up_red.jpg in Resources */,
				3FC9C9D81AF2DE5E00432704 /* arrow_right_red.jpg in Resources */,
				3FC9C9D61AF2DE5E00432704 /* arrow_down_red.jpg in Resources */,
				3F9F28BF1AE8A07F00FEB40D /* Images.xcassets in Resources */,
				3F600FC91AEED12C0020DFD5 /* arrow_down.png in Resources */,
			);
			runOnlyForDeploymentPostprocessing = 0;
		};
/* End PBXResourcesBuildPhase section */

/* Begin PBXSourcesBuildPhase section */
		3F9F28AC1AE8A07F00FEB40D /* Sources */ = {
			isa = PBXSourcesBuildPhase;
			buildActionMask = 2147483647;
			files = (
				3F9F28BA1AE8A07F00FEB40D /* ArrowControlsViewController.swift in Sources */,
				127608B81F51820600586AE9 /* GyroControlsViewController.swift in Sources */,
				3FED68921AE8A3DC00937D21 /* BLEManager.swift in Sources */,
				3F9F28B61AE8A07F00FEB40D /* AppDelegate.swift in Sources */,
				127608BA1F51820E00586AE9 /* BLEService.swift in Sources */,
				3FCB65A51AEF04700027CF3C /* AnalogStick.swift in Sources */,
				3F9F28B81AE8A07F00FEB40D /* ConnectionsViewController.swift in Sources */,
			);
			runOnlyForDeploymentPostprocessing = 0;
		};
/* End PBXSourcesBuildPhase section */

/* Begin PBXVariantGroup section */
		3F9F28BB1AE8A07F00FEB40D /* Main.storyboard */ = {
			isa = PBXVariantGroup;
			children = (
				3F9F28BC1AE8A07F00FEB40D /* Base */,
			);
			name = Main.storyboard;
			sourceTree = "<group>";
		};
		3F9F28C01AE8A07F00FEB40D /* LaunchScreen.xib */ = {
			isa = PBXVariantGroup;
			children = (
				3F9F28C11AE8A07F00FEB40D /* Base */,
			);
			name = LaunchScreen.xib;
			sourceTree = "<group>";
		};
/* End PBXVariantGroup section */

/* Begin XCBuildConfiguration section */
		3F9F28CF1AE8A07F00FEB40D /* Debug */ = {
			isa = XCBuildConfiguration;
			buildSettings = {
				ALWAYS_SEARCH_USER_PATHS = NO;
				CLANG_CXX_LANGUAGE_STANDARD = "gnu++0x";
				CLANG_CXX_LIBRARY = "libc++";
				CLANG_ENABLE_MODULES = YES;
				CLANG_ENABLE_OBJC_ARC = YES;
				CLANG_WARN_BOOL_CONVERSION = YES;
				CLANG_WARN_CONSTANT_CONVERSION = YES;
				CLANG_WARN_DIRECT_OBJC_ISA_USAGE = YES_ERROR;
				CLANG_WARN_EMPTY_BODY = YES;
				CLANG_WARN_ENUM_CONVERSION = YES;
				CLANG_WARN_INFINITE_RECURSION = YES;
				CLANG_WARN_INT_CONVERSION = YES;
				CLANG_WARN_OBJC_ROOT_CLASS = YES_ERROR;
				CLANG_WARN_SUSPICIOUS_MOVE = YES;
				CLANG_WARN_UNREACHABLE_CODE = YES;
				CLANG_WARN__DUPLICATE_METHOD_MATCH = YES;
				"CODE_SIGN_IDENTITY[sdk=iphoneos*]" = "iPhone Developer";
				COPY_PHASE_STRIP = NO;
				DEBUG_INFORMATION_FORMAT = "dwarf-with-dsym";
				ENABLE_STRICT_OBJC_MSGSEND = YES;
				ENABLE_TESTABILITY = YES;
				GCC_C_LANGUAGE_STANDARD = gnu99;
				GCC_DYNAMIC_NO_PIC = NO;
				GCC_NO_COMMON_BLOCKS = YES;
				GCC_OPTIMIZATION_LEVEL = 0;
				GCC_PREPROCESSOR_DEFINITIONS = (
					"DEBUG=1",
					"$(inherited)",
				);
				GCC_SYMBOLS_PRIVATE_EXTERN = NO;
				GCC_WARN_64_TO_32_BIT_CONVERSION = YES;
				GCC_WARN_ABOUT_RETURN_TYPE = YES_ERROR;
				GCC_WARN_UNDECLARED_SELECTOR = YES;
				GCC_WARN_UNINITIALIZED_AUTOS = YES_AGGRESSIVE;
				GCC_WARN_UNUSED_FUNCTION = YES;
				GCC_WARN_UNUSED_VARIABLE = YES;
				IPHONEOS_DEPLOYMENT_TARGET = 8.3;
				MTL_ENABLE_DEBUG_INFO = YES;
				ONLY_ACTIVE_ARCH = YES;
				SDKROOT = iphoneos;
				SWIFT_OPTIMIZATION_LEVEL = "-Onone";
				TARGETED_DEVICE_FAMILY = "1,2";
			};
			name = Debug;
		};
		3F9F28D01AE8A07F00FEB40D /* Release */ = {
			isa = XCBuildConfiguration;
			buildSettings = {
				ALWAYS_SEARCH_USER_PATHS = NO;
				CLANG_CXX_LANGUAGE_STANDARD = "gnu++0x";
				CLANG_CXX_LIBRARY = "libc++";
				CLANG_ENABLE_MODULES = YES;
				CLANG_ENABLE_OBJC_ARC = YES;
				CLANG_WARN_BOOL_CONVERSION = YES;
				CLANG_WARN_CONSTANT_CONVERSION = YES;
				CLANG_WARN_DIRECT_OBJC_ISA_USAGE = YES_ERROR;
				CLANG_WARN_EMPTY_BODY = YES;
				CLANG_WARN_ENUM_CONVERSION = YES;
				CLANG_WARN_INFINITE_RECURSION = YES;
				CLANG_WARN_INT_CONVERSION = YES;
				CLANG_WARN_OBJC_ROOT_CLASS = YES_ERROR;
				CLANG_WARN_SUSPICIOUS_MOVE = YES;
				CLANG_WARN_UNREACHABLE_CODE = YES;
				CLANG_WARN__DUPLICATE_METHOD_MATCH = YES;
				"CODE_SIGN_IDENTITY[sdk=iphoneos*]" = "iPhone Developer";
				COPY_PHASE_STRIP = NO;
				DEBUG_INFORMATION_FORMAT = "dwarf-with-dsym";
				ENABLE_NS_ASSERTIONS = NO;
				ENABLE_STRICT_OBJC_MSGSEND = YES;
				GCC_C_LANGUAGE_STANDARD = gnu99;
				GCC_NO_COMMON_BLOCKS = YES;
				GCC_WARN_64_TO_32_BIT_CONVERSION = YES;
				GCC_WARN_ABOUT_RETURN_TYPE = YES_ERROR;
				GCC_WARN_UNDECLARED_SELECTOR = YES;
				GCC_WARN_UNINITIALIZED_AUTOS = YES_AGGRESSIVE;
				GCC_WARN_UNUSED_FUNCTION = YES;
				GCC_WARN_UNUSED_VARIABLE = YES;
				IPHONEOS_DEPLOYMENT_TARGET = 8.3;
				MTL_ENABLE_DEBUG_INFO = NO;
				SDKROOT = iphoneos;
				SWIFT_OPTIMIZATION_LEVEL = "-Owholemodule";
				TARGETED_DEVICE_FAMILY = "1,2";
				VALIDATE_PRODUCT = YES;
			};
			name = Release;
		};
		3F9F28D21AE8A07F00FEB40D /* Debug */ = {
			isa = XCBuildConfiguration;
			buildSettings = {
				ASSETCATALOG_COMPILER_APPICON_NAME = AppIcon;
				CODE_SIGN_IDENTITY = "iPhone Developer";
				"CODE_SIGN_IDENTITY[sdk=iphoneos*]" = "iPhone Developer";
				INFOPLIST_FILE = BluePad/Info.plist;
				LD_RUNPATH_SEARCH_PATHS = "$(inherited) @executable_path/Frameworks";
				PRODUCT_BUNDLE_IDENTIFIER = org.iolani.inhouse.BluePad;
				PRODUCT_NAME = "$(TARGET_NAME)";
				PROVISIONING_PROFILE = "";
				SWIFT_VERSION = 3.0;
			};
			name = Debug;
		};
		3F9F28D31AE8A07F00FEB40D /* Release */ = {
			isa = XCBuildConfiguration;
			buildSettings = {
				ASSETCATALOG_COMPILER_APPICON_NAME = AppIcon;
				CODE_SIGN_IDENTITY = "iPhone Developer";
				"CODE_SIGN_IDENTITY[sdk=iphoneos*]" = "iPhone Developer";
				INFOPLIST_FILE = BluePad/Info.plist;
				LD_RUNPATH_SEARCH_PATHS = "$(inherited) @executable_path/Frameworks";
				PRODUCT_BUNDLE_IDENTIFIER = org.iolani.inhouse.BluePad;
				PRODUCT_NAME = "$(TARGET_NAME)";
				PROVISIONING_PROFILE = "";
				SWIFT_VERSION = 3.0;
			};
			name = Release;
		};
/* End XCBuildConfiguration section */

/* Begin XCConfigurationList section */
		3F9F28AB1AE8A07F00FEB40D /* Build configuration list for PBXProject "BluePad" */ = {
			isa = XCConfigurationList;
			buildConfigurations = (
				3F9F28CF1AE8A07F00FEB40D /* Debug */,
				3F9F28D01AE8A07F00FEB40D /* Release */,
			);
			defaultConfigurationIsVisible = 0;
			defaultConfigurationName = Release;
		};
		3F9F28D11AE8A07F00FEB40D /* Build configuration list for PBXNativeTarget "BluePad" */ = {
			isa = XCConfigurationList;
			buildConfigurations = (
				3F9F28D21AE8A07F00FEB40D /* Debug */,
				3F9F28D31AE8A07F00FEB40D /* Release */,
			);
			defaultConfigurationIsVisible = 0;
			defaultConfigurationName = Release;
		};
/* End XCConfigurationList section */
	};
	rootObject = 3F9F28A81AE8A07F00FEB40D /* Project object */;
}
